<?xml version="1.0" encoding="utf-8"?>
<Project ToolsVersion="4.0" xmlns="http://schemas.microsoft.com/developer/msbuild/2003">
  <ItemGroup>
    <Filter Include="win32">
      <UniqueIdentifier>{84a8ebd7-7cf0-47f6-b75e-d441df67da40}</UniqueIdentifier>
    </Filter>
    <Filter Include="Classes">
      <UniqueIdentifier>{bb6c862e-70e9-49d9-81b7-3829a6f50471}</UniqueIdentifier>
    </Filter>
    <Filter Include="resource">
      <UniqueIdentifier>{715254bc-d70b-4ec5-bf29-467dd3ace079}</UniqueIdentifier>
    </Filter>
    <Filter Include="Classes\ui">
      <UniqueIdentifier>{01000e99-a807-4eff-8a52-70fe7e988f43}</UniqueIdentifier>
    </Filter>
    <Filter Include="Classes\framework">
      <UniqueIdentifier>{5033b3a0-66ed-4574-b2bc-078775bdbedf}</UniqueIdentifier>
    </Filter>
    <Filter Include="Classes\framework\ui">
      <UniqueIdentifier>{c9a65d66-7d8a-4575-a280-1700dcb2f485}</UniqueIdentifier>
    </Filter>
    <Filter Include="Classes\game">
      <UniqueIdentifier>{e4e5a855-e840-4fad-9650-21b909e12ad5}</UniqueIdentifier>
    </Filter>
    <Filter Include="Classes\game\util">
      <UniqueIdentifier>{c0d7537d-1861-4aaf-9d89-1dd2aaf23831}</UniqueIdentifier>
    </Filter>
  </ItemGroup>
  <ItemGroup>
    <ClCompile Include="main.cpp">
      <Filter>win32</Filter>
    </ClCompile>
    <ClCompile Include="..\Classes\AppDelegate.cpp">
      <Filter>Classes</Filter>
    </ClCompile>
    <ClCompile Include="..\Classes\HelloWorldScene.cpp">
      <Filter>Classes</Filter>
    </ClCompile>
    <ClCompile Include="..\Classes\ui\GameScreen.cpp">
      <Filter>Classes\ui</Filter>
    </ClCompile>
    <ClCompile Include="..\Classes\ui\Panel.cpp">
      <Filter>Classes\ui</Filter>
    </ClCompile>
    <ClCompile Include="..\Classes\ui\UIElement.cpp">
      <Filter>Classes\ui</Filter>
    </ClCompile>
    <ClCompile Include="..\Classes\ui\UiFrom.cpp">
      <Filter>Classes\ui</Filter>
    </ClCompile>
    <ClCompile Include="..\Classes\game\GameView.cpp">
      <Filter>Classes\game</Filter>
    </ClCompile>
    <ClCompile Include="..\Classes\game\Margin.cpp">
      <Filter>Classes\game</Filter>
    </ClCompile>
    <ClCompile Include="..\Classes\game\MySprite.cpp">
      <Filter>Classes\game</Filter>
    </ClCompile>
    <ClCompile Include="..\Classes\game\ShowArea.cpp">
      <Filter>Classes\game</Filter>
    </ClCompile>
    <ClCompile Include="..\Classes\framework\ui\AAlert.cpp">
      <Filter>Classes\framework\ui</Filter>
    </ClCompile>
    <ClCompile Include="..\Classes\framework\ui\AGameScreen.cpp">
      <Filter>Classes\framework\ui</Filter>
    </ClCompile>
    <ClCompile Include="..\Classes\MyGame.cpp">
      <Filter>Classes</Filter>
    </ClCompile>
    <ClCompile Include="..\Classes\game\Test.cpp">
      <Filter>Classes\game</Filter>
    </ClCompile>
    <ClCompile Include="..\Classes\game\Shape.cpp">
      <Filter>Classes\game</Filter>
    </ClCompile>
    <ClCompile Include="..\Classes\game\Path.cpp">
      <Filter>Classes\game</Filter>
    </ClCompile>
    <ClCompile Include="..\Classes\game\util\DateTime.cpp">
      <Filter>Classes\game\util</Filter>
    </ClCompile>
    <ClCompile Include="..\Classes\game\util\Math.cpp">
      <Filter>Classes\game\util</Filter>
    </ClCompile>
    <ClCompile Include="..\Classes\game\util\Util.cpp">
      <Filter>Classes\game\util</Filter>
    </ClCompile>
    <ClCompile Include="..\Classes\game\util\triangulate.cpp">
      <Filter>Classes\game\util</Filter>
    </ClCompile>
    <ClCompile Include="..\Classes\game\Game1Player.cpp">
      <Filter>Classes\game</Filter>
    </ClCompile>
    <ClCompile Include="..\Classes\game\GameLogic.cpp">
      <Filter>Classes\game</Filter>
    </ClCompile>
  </ItemGroup>
  <ItemGroup>
    <ClInclude Include="main.h">
      <Filter>win32</Filter>
    </ClInclude>
    <ClInclude Include="..\Classes\AppDelegate.h">
      <Filter>Classes</Filter>
    </ClInclude>
    <ClInclude Include="..\Classes\HelloWorldScene.h">
      <Filter>Classes</Filter>
    </ClInclude>
    <ClInclude Include="..\Classes\ui\GameScreen.h">
      <Filter>Classes\ui</Filter>
    </ClInclude>
    <ClInclude Include="..\Classes\ui\Panel.h">
      <Filter>Classes\ui</Filter>
    </ClInclude>
    <ClInclude Include="..\Classes\ui\UIElement.h">
      <Filter>Classes\ui</Filter>
    </ClInclude>
    <ClInclude Include="..\Classes\ui\UIframework.h">
      <Filter>Classes\ui</Filter>
    </ClInclude>
    <ClInclude Include="..\Classes\ui\UiFrom.h">
      <Filter>Classes\ui</Filter>
    </ClInclude>
    <ClInclude Include="..\Classes\ui\UITables.h">
      <Filter>Classes\ui</Filter>
    </ClInclude>
    <ClInclude Include="..\Classes\game\GameView.h">
      <Filter>Classes\game</Filter>
    </ClInclude>
    <ClInclude Include="..\Classes\game\Margin.h">
      <Filter>Classes\game</Filter>
    </ClInclude>
    <ClInclude Include="..\Classes\game\MySprite.h">
      <Filter>Classes\game</Filter>
    </ClInclude>
    <ClInclude Include="..\Classes\game\ShowArea.h">
      <Filter>Classes\game</Filter>
    </ClInclude>
    <ClInclude Include="..\Classes\framework\AGame.h">
      <Filter>Classes\framework</Filter>
    </ClInclude>
    <ClInclude Include="..\Classes\framework\System.h">
      <Filter>Classes\framework</Filter>
    </ClInclude>
    <ClInclude Include="..\Classes\framework\ui\AAlert.h">
      <Filter>Classes\framework\ui</Filter>
    </ClInclude>
    <ClInclude Include="..\Classes\framework\ui\AGameScene.h">
      <Filter>Classes\framework\ui</Filter>
    </ClInclude>
    <ClInclude Include="..\Classes\framework\ui\AGameScreen.h">
      <Filter>Classes\framework\ui</Filter>
    </ClInclude>
    <ClInclude Include="..\Classes\framework\ui\Panel.h">
      <Filter>Classes\framework\ui</Filter>
    </ClInclude>
    <ClInclude Include="..\Classes\framework\ui\UIFrameWork.h">
      <Filter>Classes\framework\ui</Filter>
    </ClInclude>
    <ClInclude Include="..\Classes\MyGame.h">
      <Filter>Classes</Filter>
    </ClInclude>
    <ClInclude Include="..\Classes\game\Test.h">
      <Filter>Classes\game</Filter>
    </ClInclude>
    <ClInclude Include="..\Classes\game\Shape.h">
      <Filter>Classes\game</Filter>
    </ClInclude>
    <ClInclude Include="..\Classes\game\Path.h">
      <Filter>Classes\game</Filter>
    </ClInclude>
    <ClInclude Include="..\Classes\game\Rander.h">
      <Filter>Classes\game</Filter>
    </ClInclude>
    <ClInclude Include="..\Classes\game\util\DateTime.h">
      <Filter>Classes\game\util</Filter>
    </ClInclude>
    <ClInclude Include="..\Classes\game\util\Math.h">
      <Filter>Classes\game\util</Filter>
    </ClInclude>
    <ClInclude Include="..\Classes\game\util\Util.h">
      <Filter>Classes\game\util</Filter>
    </ClInclude>
    <ClInclude Include="..\Classes\game\util\triangulate.h">
      <Filter>Classes\game\util</Filter>
    </ClInclude>
    <ClInclude Include="..\Classes\game\Game1Player.h">
      <Filter>Classes\game</Filter>
    </ClInclude>
    <ClInclude Include="..\Classes\game\GameLogic.h">
      <Filter>Classes\game</Filter>
    </ClInclude>
    <ClInclude Include="..\Classes\game\System.h">
      <Filter>Classes\game</Filter>
    </ClInclude>
    <ClInclude Include="..\Classes\framework\State.h">
      <Filter>Classes\game</Filter>
    </ClInclude>
    <ClInclude Include="..\Classes\game\GameElement.h">
      <Filter>Classes\game</Filter>
    </ClInclude>
  </ItemGroup>
  <ItemGroup>
    <ResourceCompile Include="game.rc">
      <Filter>resource</Filter>
    </ResourceCompile>
  </ItemGroup>
</Project>